{
  "nodes": {
    "flake-compat": {
      "flake": false,
      "locked": {
        "lastModified": 1650374568,
        "narHash": "sha256-Z+s0J8/r907g149rllvwhb4pKi8Wam5ij0st8PwAh+E=",
        "owner": "edolstra",
        "repo": "flake-compat",
        "rev": "b4a34015c698c7793d592d66adbab377907a2be8",
        "type": "github"
      },
      "original": {
        "owner": "edolstra",
        "repo": "flake-compat",
        "type": "github"
      }
    },
    "flake-utils": {
      "locked": {
        "lastModified": 1659877975,
        "narHash": "sha256-zllb8aq3YO3h8B/U0/J1WBgAL8EX5yWf5pMj3G0NAmc=",
        "owner": "numtide",
        "repo": "flake-utils",
        "rev": "c0e246b9b83f637f4681389ecabcb2681b4f3af0",
        "type": "github"
      },
      "original": {
        "owner": "numtide",
        "repo": "flake-utils",
        "type": "github"
      }
    },
    "nixpkgs": {
      "locked": {
        "lastModified": 1663757063,
        "narHash": "sha256-H+BPgoXuVcdi3g5BH4cact4osjfjntaTQTdA/HNiCYE=",
        "owner": "NixOS",
        "repo": "nixpkgs",
        "rev": "a0e390471362e27349abc1090197e09fe8c59d16",
        "type": "github"
      },
      "original": {
        "owner": "NixOS",
        "ref": "nixpkgs-unstable",
        "repo": "nixpkgs",
        "type": "github"
      }
    },
    "responder": {
      "flake": false,
      "locked": {
        "lastModified": 1663331811,
        "narHash": "sha256-S+73k7ERtH0d05iS5f7T5WEcoGG4hmycZE1HmugkARM=",
        "owner": "lgandx",
        "repo": "Responder",
        "rev": "b8818ed0c47d9d615c4ba1dcff99e8d2d98296d5",
        "type": "github"
      },
      "original": {
        "owner": "lgandx",
        "repo": "Responder",
        "type": "github"
      }
    },
    "root": {
      "inputs": {
        "flake-compat": "flake-compat",
        "flake-utils": "flake-utils",
        "nixpkgs": "nixpkgs",
        "responder": "responder"
      }
    }
  },
  "root": "root",
  "version": 7
}
